// !$*UTF8*$!
{
	archiveVersion = 1;
	classes = {
	};
	objectVersion = 51;
	objects = {

/* Begin PBXBuildFile section */
		376A9756269359C700DB3D46 /* XMLDecoderHelper.swift in Sources */ = {isa = PBXBuildFile; fileRef = 376A9755269359C700DB3D46 /* XMLDecoderHelper.swift */; };
		376A97A2269429BD00DB3D46 /* ComicBookInfoTableViewController.swift in Sources */ = {isa = PBXBuildFile; fileRef = 376A97A1269429BD00DB3D46 /* ComicBookInfoTableViewController.swift */; };
		376A97A52694368900DB3D46 /* BottomNavView.swift in Sources */ = {isa = PBXBuildFile; fileRef = 376A97A42694368900DB3D46 /* BottomNavView.swift */; };
		376A97A726943C1700DB3D46 /* ContainerViewController.swift in Sources */ = {isa = PBXBuildFile; fileRef = 376A97A626943C1700DB3D46 /* ContainerViewController.swift */; };
		376A97A92694786B00DB3D46 /* IntroViewController.swift in Sources */ = {isa = PBXBuildFile; fileRef = 376A97A82694786B00DB3D46 /* IntroViewController.swift */; };
		37B3DE8A26930CBB0051A7B6 /* ComicBookPageController.swift in Sources */ = {isa = PBXBuildFile; fileRef = 37B3DE8926930CBB0051A7B6 /* ComicBookPageController.swift */; };
		E6341FBE268EE05400F588A2 /* AppDelegate.swift in Sources */ = {isa = PBXBuildFile; fileRef = E6341FBD268EE05400F588A2 /* AppDelegate.swift */; };
		E6341FC0268EE05400F588A2 /* SceneDelegate.swift in Sources */ = {isa = PBXBuildFile; fileRef = E6341FBF268EE05400F588A2 /* SceneDelegate.swift */; };
		E6341FC2268EE05400F588A2 /* ComicPageViewController.swift in Sources */ = {isa = PBXBuildFile; fileRef = E6341FC1268EE05400F588A2 /* ComicPageViewController.swift */; };
		E6341FC7268EE05400F588A2 /* Assets.xcassets in Resources */ = {isa = PBXBuildFile; fileRef = E6341FC6268EE05400F588A2 /* Assets.xcassets */; };
		E6341FCA268EE05400F588A2 /* LaunchScreen.storyboard in Resources */ = {isa = PBXBuildFile; fileRef = E6341FC8268EE05400F588A2 /* LaunchScreen.storyboard */; };
		E6341FD2268EE19400F588A2 /* ComicBookDocument.swift in Sources */ = {isa = PBXBuildFile; fileRef = E6341FD1268EE19400F588A2 /* ComicBookDocument.swift */; };
		E682A897268F101B0027B560 /* ComicBookDataModel.swift in Sources */ = {isa = PBXBuildFile; fileRef = E682A896268F101B0027B560 /* ComicBookDataModel.swift */; };
		E682A89C268F19CA0027B560 /* ComicBookDataProvider.swift in Sources */ = {isa = PBXBuildFile; fileRef = E682A89B268F19CA0027B560 /* ComicBookDataProvider.swift */; };
		E682A89E268F32D20027B560 /* DataProviderProtocol .swift in Sources */ = {isa = PBXBuildFile; fileRef = E682A89D268F32D20027B560 /* DataProviderProtocol .swift */; };
		E75897AC2476F5B8A1B8B183 /* Pods_comicBookReader2.framework in Frameworks */ = {isa = PBXBuildFile; fileRef = 4D19C9F84411760F4C038CEB /* Pods_comicBookReader2.framework */; };
/* End PBXBuildFile section */

/* Begin PBXFileReference section */
		33FE39B74B8FAD004E6F4E73 /* Pods-comicBookReader2.release.xcconfig */ = {isa = PBXFileReference; includeInIndex = 1; lastKnownFileType = text.xcconfig; name = "Pods-comicBookReader2.release.xcconfig"; path = "Target Support Files/Pods-comicBookReader2/Pods-comicBookReader2.release.xcconfig"; sourceTree = "<group>"; };
		376A9755269359C700DB3D46 /* XMLDecoderHelper.swift */ = {isa = PBXFileReference; lastKnownFileType = sourcecode.swift; path = XMLDecoderHelper.swift; sourceTree = "<group>"; };
		376A97A1269429BD00DB3D46 /* ComicBookInfoTableViewController.swift */ = {isa = PBXFileReference; lastKnownFileType = sourcecode.swift; path = ComicBookInfoTableViewController.swift; sourceTree = "<group>"; };
		376A97A42694368900DB3D46 /* BottomNavView.swift */ = {isa = PBXFileReference; lastKnownFileType = sourcecode.swift; path = BottomNavView.swift; sourceTree = "<group>"; };
		376A97A626943C1700DB3D46 /* ContainerViewController.swift */ = {isa = PBXFileReference; lastKnownFileType = sourcecode.swift; path = ContainerViewController.swift; sourceTree = "<group>"; };
		376A97A82694786B00DB3D46 /* IntroViewController.swift */ = {isa = PBXFileReference; lastKnownFileType = sourcecode.swift; path = IntroViewController.swift; sourceTree = "<group>"; };
		37B3DE8926930CBB0051A7B6 /* ComicBookPageController.swift */ = {isa = PBXFileReference; lastKnownFileType = sourcecode.swift; path = ComicBookPageController.swift; sourceTree = "<group>"; };
		4D19C9F84411760F4C038CEB /* Pods_comicBookReader2.framework */ = {isa = PBXFileReference; explicitFileType = wrapper.framework; includeInIndex = 0; path = Pods_comicBookReader2.framework; sourceTree = BUILT_PRODUCTS_DIR; };
		A2B4922D015F6B370E12ABD3 /* Pods-comicBookReader2.debug.xcconfig */ = {isa = PBXFileReference; includeInIndex = 1; lastKnownFileType = text.xcconfig; name = "Pods-comicBookReader2.debug.xcconfig"; path = "Target Support Files/Pods-comicBookReader2/Pods-comicBookReader2.debug.xcconfig"; sourceTree = "<group>"; };
		E6341FBA268EE05400F588A2 /* comicBookReader2.app */ = {isa = PBXFileReference; explicitFileType = wrapper.application; includeInIndex = 0; path = comicBookReader2.app; sourceTree = BUILT_PRODUCTS_DIR; };
		E6341FBD268EE05400F588A2 /* AppDelegate.swift */ = {isa = PBXFileReference; lastKnownFileType = sourcecode.swift; path = AppDelegate.swift; sourceTree = "<group>"; };
		E6341FBF268EE05400F588A2 /* SceneDelegate.swift */ = {isa = PBXFileReference; lastKnownFileType = sourcecode.swift; path = SceneDelegate.swift; sourceTree = "<group>"; };
		E6341FC1268EE05400F588A2 /* ComicPageViewController.swift */ = {isa = PBXFileReference; lastKnownFileType = sourcecode.swift; path = ComicPageViewController.swift; sourceTree = "<group>"; };
		E6341FC6268EE05400F588A2 /* Assets.xcassets */ = {isa = PBXFileReference; lastKnownFileType = folder.assetcatalog; path = Assets.xcassets; sourceTree = "<group>"; };
		E6341FC9268EE05400F588A2 /* Base */ = {isa = PBXFileReference; lastKnownFileType = file.storyboard; name = Base; path = Base.lproj/LaunchScreen.storyboard; sourceTree = "<group>"; };
		E6341FCB268EE05400F588A2 /* Info.plist */ = {isa = PBXFileReference; lastKnownFileType = text.plist.xml; path = Info.plist; sourceTree = "<group>"; };
		E6341FD1268EE19400F588A2 /* ComicBookDocument.swift */ = {isa = PBXFileReference; lastKnownFileType = sourcecode.swift; path = ComicBookDocument.swift; sourceTree = "<group>"; };
		E682A896268F101B0027B560 /* ComicBookDataModel.swift */ = {isa = PBXFileReference; lastKnownFileType = sourcecode.swift; path = ComicBookDataModel.swift; sourceTree = "<group>"; };
		E682A89B268F19CA0027B560 /* ComicBookDataProvider.swift */ = {isa = PBXFileReference; lastKnownFileType = sourcecode.swift; path = ComicBookDataProvider.swift; sourceTree = "<group>"; };
		E682A89D268F32D20027B560 /* DataProviderProtocol .swift */ = {isa = PBXFileReference; lastKnownFileType = sourcecode.swift; path = "DataProviderProtocol .swift"; sourceTree = "<group>"; };
/* End PBXFileReference section */

/* Begin PBXFrameworksBuildPhase section */
		E6341FB7268EE05400F588A2 /* Frameworks */ = {
			isa = PBXFrameworksBuildPhase;
			buildActionMask = 2147483647;
			files = (
				E75897AC2476F5B8A1B8B183 /* Pods_comicBookReader2.framework in Frameworks */,
			);
			runOnlyForDeploymentPostprocessing = 0;
		};
/* End PBXFrameworksBuildPhase section */

/* Begin PBXGroup section */
		376A9754269359A800DB3D46 /* Helper */ = {
			isa = PBXGroup;
			children = (
				376A9755269359C700DB3D46 /* XMLDecoderHelper.swift */,
			);
			path = Helper;
			sourceTree = "<group>";
		};
		376A97A32694366600DB3D46 /* View */ = {
			isa = PBXGroup;
			children = (
				376A97A42694368900DB3D46 /* BottomNavView.swift */,
			);
			path = View;
			sourceTree = "<group>";
		};
		48792FD05E83F8DD4F112F9D /* Frameworks */ = {
			isa = PBXGroup;
			children = (
				4D19C9F84411760F4C038CEB /* Pods_comicBookReader2.framework */,
			);
			name = Frameworks;
			sourceTree = "<group>";
		};
		C3621CFED5E7963171E02A83 /* Pods */ = {
			isa = PBXGroup;
			children = (
				A2B4922D015F6B370E12ABD3 /* Pods-comicBookReader2.debug.xcconfig */,
				33FE39B74B8FAD004E6F4E73 /* Pods-comicBookReader2.release.xcconfig */,
			);
			path = Pods;
			sourceTree = "<group>";
		};
		E6341FB1268EE05400F588A2 = {
			isa = PBXGroup;
			children = (
				E6341FBC268EE05400F588A2 /* comicBookReader2 */,
				E6341FBB268EE05400F588A2 /* Products */,
				C3621CFED5E7963171E02A83 /* Pods */,
				48792FD05E83F8DD4F112F9D /* Frameworks */,
			);
			sourceTree = "<group>";
		};
		E6341FBB268EE05400F588A2 /* Products */ = {
			isa = PBXGroup;
			children = (
				E6341FBA268EE05400F588A2 /* comicBookReader2.app */,
			);
			name = Products;
			sourceTree = "<group>";
		};
		E6341FBC268EE05400F588A2 /* comicBookReader2 */ = {
			isa = PBXGroup;
			children = (
				E6341FBD268EE05400F588A2 /* AppDelegate.swift */,
				E6341FBF268EE05400F588A2 /* SceneDelegate.swift */,
				376A9754269359A800DB3D46 /* Helper */,
				376A97A32694366600DB3D46 /* View */,
				E682A899268F19810027B560 /* Controller */,
				E682A898268F19780027B560 /* Document  */,
				E6341FC6268EE05400F588A2 /* Assets.xcassets */,
				E6341FC8268EE05400F588A2 /* LaunchScreen.storyboard */,
				E6341FCB268EE05400F588A2 /* Info.plist */,
			);
			path = comicBookReader2;
			sourceTree = "<group>";
		};
		E682A898268F19780027B560 /* Document  */ = {
			isa = PBXGroup;
			children = (
				E6341FD1268EE19400F588A2 /* ComicBookDocument.swift */,
				E682A896268F101B0027B560 /* ComicBookDataModel.swift */,
				E682A89F268F4E5E0027B560 /* DataProvider */,
			);
			path = "Document ";
			sourceTree = "<group>";
		};
		E682A899268F19810027B560 /* Controller */ = {
			isa = PBXGroup;
			children = (
				E6341FC1268EE05400F588A2 /* ComicPageViewController.swift */,
				37B3DE8926930CBB0051A7B6 /* ComicBookPageController.swift */,
				376A97A1269429BD00DB3D46 /* ComicBookInfoTableViewController.swift */,
				376A97A626943C1700DB3D46 /* ContainerViewController.swift */,
				376A97A82694786B00DB3D46 /* IntroViewController.swift */,
			);
			path = Controller;
			sourceTree = "<group>";
		};
		E682A89F268F4E5E0027B560 /* DataProvider */ = {
			isa = PBXGroup;
			children = (
				E682A89D268F32D20027B560 /* DataProviderProtocol .swift */,
				E682A89B268F19CA0027B560 /* ComicBookDataProvider.swift */,
			);
			path = DataProvider;
			sourceTree = "<group>";
		};
/* End PBXGroup section */

/* Begin PBXNativeTarget section */
		E6341FB9268EE05400F588A2 /* comicBookReader2 */ = {
			isa = PBXNativeTarget;
			buildConfigurationList = E6341FCE268EE05400F588A2 /* Build configuration list for PBXNativeTarget "comicBookReader2" */;
			buildPhases = (
				AB88BE1C9E071E88B9209CE0 /* [CP] Check Pods Manifest.lock */,
				E6341FB6268EE05400F588A2 /* Sources */,
				E6341FB7268EE05400F588A2 /* Frameworks */,
				E6341FB8268EE05400F588A2 /* Resources */,
				49671CEACBF540A9440536AA /* [CP] Embed Pods Frameworks */,
			);
			buildRules = (
			);
			dependencies = (
			);
			name = comicBookReader2;
			productName = comicBookReader2;
			productReference = E6341FBA268EE05400F588A2 /* comicBookReader2.app */;
			productType = "com.apple.product-type.application";
		};
/* End PBXNativeTarget section */

/* Begin PBXProject section */
		E6341FB2268EE05400F588A2 /* Project object */ = {
			isa = PBXProject;
			attributes = {
				LastSwiftUpdateCheck = 1250;
				LastUpgradeCheck = 1250;
				TargetAttributes = {
					E6341FB9268EE05400F588A2 = {
						CreatedOnToolsVersion = 12.5;
					};
				};
			};
			buildConfigurationList = E6341FB5268EE05400F588A2 /* Build configuration list for PBXProject "comicBookReader2" */;
			compatibilityVersion = "Xcode 9.3";
			developmentRegion = en;
			hasScannedForEncodings = 0;
			knownRegions = (
				en,
				Base,
			);
			mainGroup = E6341FB1268EE05400F588A2;
			productRefGroup = E6341FBB268EE05400F588A2 /* Products */;
			projectDirPath = "";
			projectRoot = "";
			targets = (
				E6341FB9268EE05400F588A2 /* comicBookReader2 */,
			);
		};
/* End PBXProject section */

/* Begin PBXResourcesBuildPhase section */
		E6341FB8268EE05400F588A2 /* Resources */ = {
			isa = PBXResourcesBuildPhase;
			buildActionMask = 2147483647;
			files = (
				E6341FCA268EE05400F588A2 /* LaunchScreen.storyboard in Resources */,
				E6341FC7268EE05400F588A2 /* Assets.xcassets in Resources */,
			);
			runOnlyForDeploymentPostprocessing = 0;
		};
/* End PBXResourcesBuildPhase section */

/* Begin PBXShellScriptBuildPhase section */
		49671CEACBF540A9440536AA /* [CP] Embed Pods Frameworks */ = {
			isa = PBXShellScriptBuildPhase;
			buildActionMask = 2147483647;
			files = (
			);
			inputFileListPaths = (
				"${PODS_ROOT}/Target Support Files/Pods-comicBookReader2/Pods-comicBookReader2-frameworks-${CONFIGURATION}-input-files.xcfilelist",
			);
			name = "[CP] Embed Pods Frameworks";
			outputFileListPaths = (
				"${PODS_ROOT}/Target Support Files/Pods-comicBookReader2/Pods-comicBookReader2-frameworks-${CONFIGURATION}-output-files.xcfilelist",
			);
			runOnlyForDeploymentPostprocessing = 0;
			shellPath = /bin/sh;
			shellScript = "\"${PODS_ROOT}/Target Support Files/Pods-comicBookReader2/Pods-comicBookReader2-frameworks.sh\"\n";
			showEnvVarsInLog = 0;
		};
		AB88BE1C9E071E88B9209CE0 /* [CP] Check Pods Manifest.lock */ = {
			isa = PBXShellScriptBuildPhase;
			buildActionMask = 2147483647;
			files = (
			);
			inputFileListPaths = (
			);
			inputPaths = (
				"${PODS_PODFILE_DIR_PATH}/Podfile.lock",
				"${PODS_ROOT}/Manifest.lock",
			);
			name = "[CP] Check Pods Manifest.lock";
			outputFileListPaths = (
			);
			outputPaths = (
				"$(DERIVED_FILE_DIR)/Pods-comicBookReader2-checkManifestLockResult.txt",
			);
			runOnlyForDeploymentPostprocessing = 0;
			shellPath = /bin/sh;
			shellScript = "diff \"${PODS_PODFILE_DIR_PATH}/Podfile.lock\" \"${PODS_ROOT}/Manifest.lock\" > /dev/null\nif [ $? != 0 ] ; then\n    # print error to STDERR\n    echo \"error: The sandbox is not in sync with the Podfile.lock. Run 'pod install' or update your CocoaPods installation.\" >&2\n    exit 1\nfi\n# This output is used by Xcode 'outputs' to avoid re-running this script phase.\necho \"SUCCESS\" > \"${SCRIPT_OUTPUT_FILE_0}\"\n";
			showEnvVarsInLog = 0;
		};
/* End PBXShellScriptBuildPhase section */

/* Begin PBXSourcesBuildPhase section */
		E6341FB6268EE05400F588A2 /* Sources */ = {
			isa = PBXSourcesBuildPhase;
			buildActionMask = 2147483647;
			files = (
				E6341FC2268EE05400F588A2 /* ComicPageViewController.swift in Sources */,
				376A97A92694786B00DB3D46 /* IntroViewController.swift in Sources */,
				376A9756269359C700DB3D46 /* XMLDecoderHelper.swift in Sources */,
				376A97A52694368900DB3D46 /* BottomNavView.swift in Sources */,
				E682A89C268F19CA0027B560 /* ComicBookDataProvider.swift in Sources */,
				E682A89E268F32D20027B560 /* DataProviderProtocol .swift in Sources */,
				376A97A2269429BD00DB3D46 /* ComicBookInfoTableViewController.swift in Sources */,
				E682A897268F101B0027B560 /* ComicBookDataModel.swift in Sources */,
				E6341FBE268EE05400F588A2 /* AppDelegate.swift in Sources */,
				E6341FD2268EE19400F588A2 /* ComicBookDocument.swift in Sources */,
				37B3DE8A26930CBB0051A7B6 /* ComicBookPageController.swift in Sources */,
				376A97A726943C1700DB3D46 /* ContainerViewController.swift in Sources */,
				E6341FC0268EE05400F588A2 /* SceneDelegate.swift in Sources */,
			);
			runOnlyForDeploymentPostprocessing = 0;
		};
/* End PBXSourcesBuildPhase section */

/* Begin PBXVariantGroup section */
		E6341FC8268EE05400F588A2 /* LaunchScreen.storyboard */ = {
			isa = PBXVariantGroup;
			children = (
				E6341FC9268EE05400F588A2 /* Base */,
			);
			name = LaunchScreen.storyboard;
			sourceTree = "<group>";
		};
/* End PBXVariantGroup section */

/* Begin XCBuildConfiguration section */
		E6341FCC268EE05400F588A2 /* Debug */ = {
			isa = XCBuildConfiguration;
			buildSettings = {
				ALWAYS_SEARCH_USER_PATHS = NO;
				CLANG_ANALYZER_NONNULL = YES;
				CLANG_ANALYZER_NUMBER_OBJECT_CONVERSION = YES_AGGRESSIVE;
				CLANG_CXX_LANGUAGE_STANDARD = "gnu++14";
				CLANG_CXX_LIBRARY = "libc++";
				CLANG_ENABLE_MODULES = YES;
				CLANG_ENABLE_OBJC_ARC = YES;
				CLANG_ENABLE_OBJC_WEAK = YES;
				CLANG_WARN_BLOCK_CAPTURE_AUTORELEASING = YES;
				CLANG_WARN_BOOL_CONVERSION = YES;
				CLANG_WARN_COMMA = YES;
				CLANG_WARN_CONSTANT_CONVERSION = YES;
				CLANG_WARN_DEPRECATED_OBJC_IMPLEMENTATIONS = YES;
				CLANG_WARN_DIRECT_OBJC_ISA_USAGE = YES_ERROR;
				CLANG_WARN_DOCUMENTATION_COMMENTS = YES;
				CLANG_WARN_EMPTY_BODY = YES;
				CLANG_WARN_ENUM_CONVERSION = YES;
				CLANG_WARN_INFINITE_RECURSION = YES;
				CLANG_WARN_INT_CONVERSION = YES;
				CLANG_WARN_NON_LITERAL_NULL_CONVERSION = YES;
				CLANG_WARN_OBJC_IMPLICIT_RETAIN_SELF = YES;
				CLANG_WARN_OBJC_LITERAL_CONVERSION = YES;
				CLANG_WARN_OBJC_ROOT_CLASS = YES_ERROR;
				CLANG_WARN_QUOTED_INCLUDE_IN_FRAMEWORK_HEADER = YES;
				CLANG_WARN_RANGE_LOOP_ANALYSIS = YES;
				CLANG_WARN_STRICT_PROTOTYPES = YES;
				CLANG_WARN_SUSPICIOUS_MOVE = YES;
				CLANG_WARN_UNGUARDED_AVAILABILITY = YES_AGGRESSIVE;
				CLANG_WARN_UNREACHABLE_CODE = YES;
				CLANG_WARN__DUPLICATE_METHOD_MATCH = YES;
				COPY_PHASE_STRIP = NO;
				DEBUG_INFORMATION_FORMAT = dwarf;
				ENABLE_STRICT_OBJC_MSGSEND = YES;
				ENABLE_TESTABILITY = YES;
				GCC_C_LANGUAGE_STANDARD = gnu11;
				GCC_DYNAMIC_NO_PIC = NO;
				GCC_NO_COMMON_BLOCKS = YES;
				GCC_OPTIMIZATION_LEVEL = 0;
				GCC_PREPROCESSOR_DEFINITIONS = (
					"DEBUG=1",
					"$(inherited)",
				);
				GCC_WARN_64_TO_32_BIT_CONVERSION = YES;
				GCC_WARN_ABOUT_RETURN_TYPE = YES_ERROR;
				GCC_WARN_UNDECLARED_SELECTOR = YES;
				GCC_WARN_UNINITIALIZED_AUTOS = YES_AGGRESSIVE;
				GCC_WARN_UNUSED_FUNCTION = YES;
				GCC_WARN_UNUSED_VARIABLE = YES;
				IPHONEOS_DEPLOYMENT_TARGET = 14.5;
				MTL_ENABLE_DEBUG_INFO = INCLUDE_SOURCE;
				MTL_FAST_MATH = YES;
				ONLY_ACTIVE_ARCH = YES;
				SDKROOT = iphoneos;
				SWIFT_ACTIVE_COMPILATION_CONDITIONS = DEBUG;
				SWIFT_OPTIMIZATION_LEVEL = "-Onone";
			};
			name = Debug;
		};
		E6341FCD268EE05400F588A2 /* Release */ = {
			isa = XCBuildConfiguration;
			buildSettings = {
				ALWAYS_SEARCH_USER_PATHS = NO;
				CLANG_ANALYZER_NONNULL = YES;
				CLANG_ANALYZER_NUMBER_OBJECT_CONVERSION = YES_AGGRESSIVE;
				CLANG_CXX_LANGUAGE_STANDARD = "gnu++14";
				CLANG_CXX_LIBRARY = "libc++";
				CLANG_ENABLE_MODULES = YES;
				CLANG_ENABLE_OBJC_ARC = YES;
				CLANG_ENABLE_OBJC_WEAK = YES;
				CLANG_WARN_BLOCK_CAPTURE_AUTORELEASING = YES;
				CLANG_WARN_BOOL_CONVERSION = YES;
				CLANG_WARN_COMMA = YES;
				CLANG_WARN_CONSTANT_CONVERSION = YES;
				CLANG_WARN_DEPRECATED_OBJC_IMPLEMENTATIONS = YES;
				CLANG_WARN_DIRECT_OBJC_ISA_USAGE = YES_ERROR;
				CLANG_WARN_DOCUMENTATION_COMMENTS = YES;
				CLANG_WARN_EMPTY_BODY = YES;
				CLANG_WARN_ENUM_CONVERSION = YES;
				CLANG_WARN_INFINITE_RECURSION = YES;
				CLANG_WARN_INT_CONVERSION = YES;
				CLANG_WARN_NON_LITERAL_NULL_CONVERSION = YES;
				CLANG_WARN_OBJC_IMPLICIT_RETAIN_SELF = YES;
				CLANG_WARN_OBJC_LITERAL_CONVERSION = YES;
				CLANG_WARN_OBJC_ROOT_CLASS = YES_ERROR;
				CLANG_WARN_QUOTED_INCLUDE_IN_FRAMEWORK_HEADER = YES;
				CLANG_WARN_RANGE_LOOP_ANALYSIS = YES;
				CLANG_WARN_STRICT_PROTOTYPES = YES;
				CLANG_WARN_SUSPICIOUS_MOVE = YES;
				CLANG_WARN_UNGUARDED_AVAILABILITY = YES_AGGRESSIVE;
				CLANG_WARN_UNREACHABLE_CODE = YES;
				CLANG_WARN__DUPLICATE_METHOD_MATCH = YES;
				COPY_PHASE_STRIP = NO;
				DEBUG_INFORMATION_FORMAT = "dwarf-with-dsym";
				ENABLE_NS_ASSERTIONS = NO;
				ENABLE_STRICT_OBJC_MSGSEND = YES;
				GCC_C_LANGUAGE_STANDARD = gnu11;
				GCC_NO_COMMON_BLOCKS = YES;
				GCC_WARN_64_TO_32_BIT_CONVERSION = YES;
				GCC_WARN_ABOUT_RETURN_TYPE = YES_ERROR;
				GCC_WARN_UNDECLARED_SELECTOR = YES;
				GCC_WARN_UNINITIALIZED_AUTOS = YES_AGGRESSIVE;
				GCC_WARN_UNUSED_FUNCTION = YES;
				GCC_WARN_UNUSED_VARIABLE = YES;
				IPHONEOS_DEPLOYMENT_TARGET = 14.5;
				MTL_ENABLE_DEBUG_INFO = NO;
				MTL_FAST_MATH = YES;
				SDKROOT = iphoneos;
				SWIFT_COMPILATION_MODE = wholemodule;
				SWIFT_OPTIMIZATION_LEVEL = "-O";
				VALIDATE_PRODUCT = YES;
			};
			name = Release;
		};
		E6341FCF268EE05400F588A2 /* Debug */ = {
			isa = XCBuildConfiguration;
			baseConfigurationReference = A2B4922D015F6B370E12ABD3 /* Pods-comicBookReader2.debug.xcconfig */;
			buildSettings = {
				ASSETCATALOG_COMPILER_APPICON_NAME = AppIcon;
				ASSETCATALOG_COMPILER_GLOBAL_ACCENT_COLOR_NAME = AccentColor;
				CODE_SIGN_STYLE = Automatic;
				INFOPLIST_FILE = comicBookReader2/Info.plist;
				LD_RUNPATH_SEARCH_PATHS = (
					"$(inherited)",
					"@executable_path/Frameworks",
				);
				PRODUCT_BUNDLE_IDENTIFIER = com.artemshuliak.comicBookReader2;
				PRODUCT_NAME = "$(TARGET_NAME)";
				SWIFT_VERSION = 5.0;
				TARGETED_DEVICE_FAMILY = "1,2";
			};
			name = Debug;
		};
		E6341FD0268EE05400F588A2 /* Release */ = {
			isa = XCBuildConfiguration;
			baseConfigurationReference = 33FE39B74B8FAD004E6F4E73 /* Pods-comicBookReader2.release.xcconfig */;
			buildSettings = {
				ASSETCATALOG_COMPILER_APPICON_NAME = AppIcon;
				ASSETCATALOG_COMPILER_GLOBAL_ACCENT_COLOR_NAME = AccentColor;
				CODE_SIGN_STYLE = Automatic;
				INFOPLIST_FILE = comicBookReader2/Info.plist;
				LD_RUNPATH_SEARCH_PATHS = (
					"$(inherited)",
					"@executable_path/Frameworks",
				);
				PRODUCT_BUNDLE_IDENTIFIER = com.artemshuliak.comicBookReader2;
				PRODUCT_NAME = "$(TARGET_NAME)";
				SWIFT_VERSION = 5.0;
				TARGETED_DEVICE_FAMILY = "1,2";
			};
			name = Release;
		};
/* End XCBuildConfiguration section */

/* Begin XCConfigurationList section */
		E6341FB5268EE05400F588A2 /* Build configuration list for PBXProject "comicBookReader2" */ = {
			isa = XCConfigurationList;
			buildConfigurations = (
				E6341FCC268EE05400F588A2 /* Debug */,
				E6341FCD268EE05400F588A2 /* Release */,
			);
			defaultConfigurationIsVisible = 0;
			defaultConfigurationName = Release;
		};
		E6341FCE268EE05400F588A2 /* Build configuration list for PBXNativeTarget "comicBookReader2" */ = {
			isa = XCConfigurationList;
			buildConfigurations = (
				E6341FCF268EE05400F588A2 /* Debug */,
				E6341FD0268EE05400F588A2 /* Release */,
			);
			defaultConfigurationIsVisible = 0;
			defaultConfigurationName = Release;
		};
/* End XCConfigurationList section */
	};
	rootObject = E6341FB2268EE05400F588A2 /* Project object */;
}
